
Microsoft Visual Studio Solution File, Format Version 12.00
Project("{2150E333-8FDC-42A3-9474-1A3956D46DE8}") = "src", "src", "{556CAC62-8041-4497-BC2B-2D8B6C135F97}"
EndProject
Project("{2150E333-8FDC-42A3-9474-1A3956D46DE8}") = "1 - Ui", "1 - Ui", "{8C4118F8-AF76-472B-84F3-53F347816AD9}"
EndProject
Project("{2150E333-8FDC-42A3-9474-1A3956D46DE8}") = "2 - Infrastructure", "2 - Infrastructure", "{18C31B34-922C-49E0-AB87-A50A34322F67}"
EndProject
Project("{2150E333-8FDC-42A3-9474-1A3956D46DE8}") = "3 - Application", "3 - Application", "{A9F9791E-E72B-412B-8F21-9685722D5D9D}"
EndProject
Project("{2150E333-8FDC-42A3-9474-1A3956D46DE8}") = "4 - Domain", "4 - Domain", "{D8D6B668-F31D-4E9A-8572-26825DBB4982}"
EndProject
Project("{2150E333-8FDC-42A3-9474-1A3956D46DE8}") = "CrossCutting", "CrossCutting", "{4F519ABA-0A4D-4A71-AE91-1BEC669225C1}"
EndProject
Project("{2150E333-8FDC-42A3-9474-1A3956D46DE8}") = "Tests", "Tests", "{96FF196D-D9D4-42C5-B295-5C0D61957579}"
EndProject
Project("{FAE04EC0-301F-11D3-BF4B-00C04F79EFBC}") = "CleanArchitecture.Infrastructure", "CleanArchitecture.Infrastructure\CleanArchitecture.Infrastructure.csproj", "{3D578701-EFDA-4FCA-93DD-6D6B5224A25C}"
EndProject
Project("{FAE04EC0-301F-11D3-BF4B-00C04F79EFBC}") = "CleanArchitecture.Application", "CleanArchitecture.Application\CleanArchitecture.Application.csproj", "{C194A738-AE71-4DD3-8866-93106DDD3F61}"
EndProject
Project("{FAE04EC0-301F-11D3-BF4B-00C04F79EFBC}") = "CleanArchitecture.Domain", "CleanArchitecture.Domain\CleanArchitecture.Domain.csproj", "{CE2F2E49-1BC0-42A9-97AC-78F5D232564E}"
EndProject
Project("{FAE04EC0-301F-11D3-BF4B-00C04F79EFBC}") = "CleanArchitecture.CrossCutting", "CleanArchitecture.CrossCutting\CleanArchitecture.CrossCutting.csproj", "{1A3CA6E3-3E6F-47A7-A626-FC6AF87590C3}"
EndProject
Project("{FAE04EC0-301F-11D3-BF4B-00C04F79EFBC}") = "CleanArchitecture.API", "CleanArchitecture.API\CleanArchitecture.API.csproj", "{ED812AC1-A682-4414-B192-71A3E3EDB260}"
EndProject
Global
	GlobalSection(SolutionConfigurationPlatforms) = preSolution
		Debug|Any CPU = Debug|Any CPU
		Release|Any CPU = Release|Any CPU
	EndGlobalSection
	GlobalSection(NestedProjects) = preSolution
		{8C4118F8-AF76-472B-84F3-53F347816AD9} = {556CAC62-8041-4497-BC2B-2D8B6C135F97}
		{18C31B34-922C-49E0-AB87-A50A34322F67} = {556CAC62-8041-4497-BC2B-2D8B6C135F97}
		{A9F9791E-E72B-412B-8F21-9685722D5D9D} = {556CAC62-8041-4497-BC2B-2D8B6C135F97}
		{D8D6B668-F31D-4E9A-8572-26825DBB4982} = {556CAC62-8041-4497-BC2B-2D8B6C135F97}
		{4F519ABA-0A4D-4A71-AE91-1BEC669225C1} = {556CAC62-8041-4497-BC2B-2D8B6C135F97}
		{96FF196D-D9D4-42C5-B295-5C0D61957579} = {556CAC62-8041-4497-BC2B-2D8B6C135F97}
		{3D578701-EFDA-4FCA-93DD-6D6B5224A25C} = {18C31B34-922C-49E0-AB87-A50A34322F67}
		{C194A738-AE71-4DD3-8866-93106DDD3F61} = {A9F9791E-E72B-412B-8F21-9685722D5D9D}
		{CE2F2E49-1BC0-42A9-97AC-78F5D232564E} = {D8D6B668-F31D-4E9A-8572-26825DBB4982}
		{1A3CA6E3-3E6F-47A7-A626-FC6AF87590C3} = {4F519ABA-0A4D-4A71-AE91-1BEC669225C1}
		{ED812AC1-A682-4414-B192-71A3E3EDB260} = {8C4118F8-AF76-472B-84F3-53F347816AD9}
	EndGlobalSection
	GlobalSection(ProjectConfigurationPlatforms) = postSolution
		{3D578701-EFDA-4FCA-93DD-6D6B5224A25C}.Debug|Any CPU.ActiveCfg = Debug|Any CPU
		{3D578701-EFDA-4FCA-93DD-6D6B5224A25C}.Debug|Any CPU.Build.0 = Debug|Any CPU
		{3D578701-EFDA-4FCA-93DD-6D6B5224A25C}.Release|Any CPU.ActiveCfg = Release|Any CPU
		{3D578701-EFDA-4FCA-93DD-6D6B5224A25C}.Release|Any CPU.Build.0 = Release|Any CPU
		{C194A738-AE71-4DD3-8866-93106DDD3F61}.Debug|Any CPU.ActiveCfg = Debug|Any CPU
		{C194A738-AE71-4DD3-8866-93106DDD3F61}.Debug|Any CPU.Build.0 = Debug|Any CPU
		{C194A738-AE71-4DD3-8866-93106DDD3F61}.Release|Any CPU.ActiveCfg = Release|Any CPU
		{C194A738-AE71-4DD3-8866-93106DDD3F61}.Release|Any CPU.Build.0 = Release|Any CPU
		{CE2F2E49-1BC0-42A9-97AC-78F5D232564E}.Debug|Any CPU.ActiveCfg = Debug|Any CPU
		{CE2F2E49-1BC0-42A9-97AC-78F5D232564E}.Debug|Any CPU.Build.0 = Debug|Any CPU
		{CE2F2E49-1BC0-42A9-97AC-78F5D232564E}.Release|Any CPU.ActiveCfg = Release|Any CPU
		{CE2F2E49-1BC0-42A9-97AC-78F5D232564E}.Release|Any CPU.Build.0 = Release|Any CPU
		{1A3CA6E3-3E6F-47A7-A626-FC6AF87590C3}.Debug|Any CPU.ActiveCfg = Debug|Any CPU
		{1A3CA6E3-3E6F-47A7-A626-FC6AF87590C3}.Debug|Any CPU.Build.0 = Debug|Any CPU
		{1A3CA6E3-3E6F-47A7-A626-FC6AF87590C3}.Release|Any CPU.ActiveCfg = Release|Any CPU
		{1A3CA6E3-3E6F-47A7-A626-FC6AF87590C3}.Release|Any CPU.Build.0 = Release|Any CPU
		{ED812AC1-A682-4414-B192-71A3E3EDB260}.Debug|Any CPU.ActiveCfg = Debug|Any CPU
		{ED812AC1-A682-4414-B192-71A3E3EDB260}.Debug|Any CPU.Build.0 = Debug|Any CPU
		{ED812AC1-A682-4414-B192-71A3E3EDB260}.Release|Any CPU.ActiveCfg = Release|Any CPU
		{ED812AC1-A682-4414-B192-71A3E3EDB260}.Release|Any CPU.Build.0 = Release|Any CPU
	EndGlobalSection
EndGlobal
